// !$*UTF8*$!
{
	archiveVersion = 1;
	classes = {
	};
	objectVersion = 55;
	objects = {

/* Begin PBXBuildFile section */
		7C59E5942852ED100082271F /* NewViewX1.swift in Sources */ = {isa = PBXBuildFile; fileRef = 7C59E5932852ED100082271F /* NewViewX1.swift */; };
		7C969D7928377A8B005DAB62 /* TestingGitCollaborationApp.swift in Sources */ = {isa = PBXBuildFile; fileRef = 7C969D7828377A8B005DAB62 /* TestingGitCollaborationApp.swift */; };
		7C969D7B28377A8B005DAB62 /* ContentView.swift in Sources */ = {isa = PBXBuildFile; fileRef = 7C969D7A28377A8B005DAB62 /* ContentView.swift */; };
		7C969D7D28377A8E005DAB62 /* Assets.xcassets in Resources */ = {isa = PBXBuildFile; fileRef = 7C969D7C28377A8E005DAB62 /* Assets.xcassets */; };
		7C969D8028377A8E005DAB62 /* Preview Assets.xcassets in Resources */ = {isa = PBXBuildFile; fileRef = 7C969D7F28377A8E005DAB62 /* Preview Assets.xcassets */; };
		7C969D8828377BCF005DAB62 /* TestSwiftUIView.swift in Sources */ = {isa = PBXBuildFile; fileRef = 7C969D8728377BCF005DAB62 /* TestSwiftUIView.swift */; };
		7C969D8A28377CEC005DAB62 /* 2ndSwiftUIView.swift in Sources */ = {isa = PBXBuildFile; fileRef = 7C969D8928377CEC005DAB62 /* 2ndSwiftUIView.swift */; };
		7C969D8D28377E42005DAB62 /* 3rdNewFile.swift in Sources */ = {isa = PBXBuildFile; fileRef = 7C969D8C28377E42005DAB62 /* 3rdNewFile.swift */; };
		7C969D9028377EC5005DAB62 /* 4thnewfile.swift in Sources */ = {isa = PBXBuildFile; fileRef = 7C969D8F28377EC5005DAB62 /* 4thnewfile.swift */; };
		7C969D9328377F1B005DAB62 /* 5thSwiftUIView.swift in Sources */ = {isa = PBXBuildFile; fileRef = 7C969D9228377F1B005DAB62 /* 5thSwiftUIView.swift */; };
/* End PBXBuildFile section */

/* Begin PBXFileReference section */
		7C59E5932852ED100082271F /* NewViewX1.swift */ = {isa = PBXFileReference; lastKnownFileType = sourcecode.swift; path = NewViewX1.swift; sourceTree = "<group>"; };
		7C969D7528377A8B005DAB62 /* TestingGitCollaboration.app */ = {isa = PBXFileReference; explicitFileType = wrapper.application; includeInIndex = 0; path = TestingGitCollaboration.app; sourceTree = BUILT_PRODUCTS_DIR; };
		7C969D7828377A8B005DAB62 /* TestingGitCollaborationApp.swift */ = {isa = PBXFileReference; lastKnownFileType = sourcecode.swift; path = TestingGitCollaborationApp.swift; sourceTree = "<group>"; };
		7C969D7A28377A8B005DAB62 /* ContentView.swift */ = {isa = PBXFileReference; lastKnownFileType = sourcecode.swift; path = ContentView.swift; sourceTree = "<group>"; };
		7C969D7C28377A8E005DAB62 /* Assets.xcassets */ = {isa = PBXFileReference; lastKnownFileType = folder.assetcatalog; path = Assets.xcassets; sourceTree = "<group>"; };
		7C969D7F28377A8E005DAB62 /* Preview Assets.xcassets */ = {isa = PBXFileReference; lastKnownFileType = folder.assetcatalog; path = "Preview Assets.xcassets"; sourceTree = "<group>"; };
		7C969D8728377BCF005DAB62 /* TestSwiftUIView.swift */ = {isa = PBXFileReference; lastKnownFileType = sourcecode.swift; path = TestSwiftUIView.swift; sourceTree = "<group>"; };
		7C969D8928377CEC005DAB62 /* 2ndSwiftUIView.swift */ = {isa = PBXFileReference; lastKnownFileType = sourcecode.swift; path = 2ndSwiftUIView.swift; sourceTree = "<group>"; };
		7C969D8C28377E42005DAB62 /* 3rdNewFile.swift */ = {isa = PBXFileReference; lastKnownFileType = sourcecode.swift; path = 3rdNewFile.swift; sourceTree = "<group>"; };
		7C969D8F28377EC5005DAB62 /* 4thnewfile.swift */ = {isa = PBXFileReference; lastKnownFileType = sourcecode.swift; path = 4thnewfile.swift; sourceTree = "<group>"; };
		7C969D9228377F1B005DAB62 /* 5thSwiftUIView.swift */ = {isa = PBXFileReference; lastKnownFileType = sourcecode.swift; path = 5thSwiftUIView.swift; sourceTree = "<group>"; };
/* End PBXFileReference section */

/* Begin PBXFrameworksBuildPhase section */
		7C969D7228377A8B005DAB62 /* Frameworks */ = {
			isa = PBXFrameworksBuildPhase;
			buildActionMask = 2147483647;
			files = (
			);
			runOnlyForDeploymentPostprocessing = 0;
		};
/* End PBXFrameworksBuildPhase section */

/* Begin PBXGroup section */
		7C59E5922852ECD80082271F /* New Workspace */ = {
			isa = PBXGroup;
			children = (
				7C59E5932852ED100082271F /* NewViewX1.swift */,
			);
			path = "New Workspace";
			sourceTree = "<group>";
		};
		7C969D6C28377A8B005DAB62 = {
			isa = PBXGroup;
			children = (
				7C969D7728377A8B005DAB62 /* TestingGitCollaboration */,
				7C969D7628377A8B005DAB62 /* Products */,
			);
			sourceTree = "<group>";
		};
		7C969D7628377A8B005DAB62 /* Products */ = {
			isa = PBXGroup;
			children = (
				7C969D7528377A8B005DAB62 /* TestingGitCollaboration.app */,
			);
			name = Products;
			sourceTree = "<group>";
		};
		7C969D7728377A8B005DAB62 /* TestingGitCollaboration */ = {
			isa = PBXGroup;
			children = (
				7C969D7828377A8B005DAB62 /* TestingGitCollaborationApp.swift */,
				7C969D7A28377A8B005DAB62 /* ContentView.swift */,
				7C59E5922852ECD80082271F /* New Workspace */,
				7C969D9128377F06005DAB62 /* 4thFolder */,
				7C969D8E28377EAF005DAB62 /* 3rdFolder */,
				7C969D8B28377DEE005DAB62 /* Another New Folder */,
				7C969D8628377BB7005DAB62 /* NewFolder */,
				7C969D7C28377A8E005DAB62 /* Assets.xcassets */,
				7C969D7E28377A8E005DAB62 /* Preview Content */,
			);
			path = TestingGitCollaboration;
			sourceTree = "<group>";
		};
		7C969D7E28377A8E005DAB62 /* Preview Content */ = {
			isa = PBXGroup;
			children = (
				7C969D7F28377A8E005DAB62 /* Preview Assets.xcassets */,
			);
			path = "Preview Content";
			sourceTree = "<group>";
		};
		7C969D8628377BB7005DAB62 /* NewFolder */ = {
			isa = PBXGroup;
			children = (
				7C969D8728377BCF005DAB62 /* TestSwiftUIView.swift */,
				7C969D8928377CEC005DAB62 /* 2ndSwiftUIView.swift */,
			);
			path = NewFolder;
			sourceTree = "<group>";
		};
		7C969D8B28377DEE005DAB62 /* Another New Folder */ = {
			isa = PBXGroup;
			children = (
				7C969D8C28377E42005DAB62 /* 3rdNewFile.swift */,
			);
			path = "Another New Folder";
			sourceTree = "<group>";
		};
		7C969D8E28377EAF005DAB62 /* 3rdFolder */ = {
			isa = PBXGroup;
			children = (
				7C969D8F28377EC5005DAB62 /* 4thnewfile.swift */,
			);
			path = 3rdFolder;
			sourceTree = "<group>";
		};
		7C969D9128377F06005DAB62 /* 4thFolder */ = {
			isa = PBXGroup;
			children = (
				7C969D9228377F1B005DAB62 /* 5thSwiftUIView.swift */,
			);
			path = 4thFolder;
			sourceTree = "<group>";
		};
/* End PBXGroup section */

/* Begin PBXNativeTarget section */
		7C969D7428377A8B005DAB62 /* TestingGitCollaboration */ = {
			isa = PBXNativeTarget;
			buildConfigurationList = 7C969D8328377A8E005DAB62 /* Build configuration list for PBXNativeTarget "TestingGitCollaboration" */;
			buildPhases = (
				7C969D7128377A8B005DAB62 /* Sources */,
				7C969D7228377A8B005DAB62 /* Frameworks */,
				7C969D7328377A8B005DAB62 /* Resources */,
			);
			buildRules = (
			);
			dependencies = (
			);
			name = TestingGitCollaboration;
			productName = TestingGitCollaboration;
			productReference = 7C969D7528377A8B005DAB62 /* TestingGitCollaboration.app */;
			productType = "com.apple.product-type.application";
		};
/* End PBXNativeTarget section */

/* Begin PBXProject section */
		7C969D6D28377A8B005DAB62 /* Project object */ = {
			isa = PBXProject;
			attributes = {
				BuildIndependentTargetsInParallel = 1;
				LastSwiftUpdateCheck = 1340;
				LastUpgradeCheck = 1340;
				TargetAttributes = {
					7C969D7428377A8B005DAB62 = {
						CreatedOnToolsVersion = 13.4;
					};
				};
			};
			buildConfigurationList = 7C969D7028377A8B005DAB62 /* Build configuration list for PBXProject "TestingGitCollaboration" */;
			compatibilityVersion = "Xcode 13.0";
			developmentRegion = en;
			hasScannedForEncodings = 0;
			knownRegions = (
				en,
				Base,
			);
			mainGroup = 7C969D6C28377A8B005DAB62;
			productRefGroup = 7C969D7628377A8B005DAB62 /* Products */;
			projectDirPath = "";
			projectRoot = "";
			targets = (
				7C969D7428377A8B005DAB62 /* TestingGitCollaboration */,
			);
		};
/* End PBXProject section */

/* Begin PBXResourcesBuildPhase section */
		7C969D7328377A8B005DAB62 /* Resources */ = {
			isa = PBXResourcesBuildPhase;
			buildActionMask = 2147483647;
			files = (
				7C969D8028377A8E005DAB62 /* Preview Assets.xcassets in Resources */,
				7C969D7D28377A8E005DAB62 /* Assets.xcassets in Resources */,
			);
			runOnlyForDeploymentPostprocessing = 0;
		};
/* End PBXResourcesBuildPhase section */

/* Begin PBXSourcesBuildPhase section */
		7C969D7128377A8B005DAB62 /* Sources */ = {
			isa = PBXSourcesBuildPhase;
			buildActionMask = 2147483647;
			files = (
				7C59E5942852ED100082271F /* NewViewX1.swift in Sources */,
				7C969D8828377BCF005DAB62 /* TestSwiftUIView.swift in Sources */,
				7C969D9328377F1B005DAB62 /* 5thSwiftUIView.swift in Sources */,
				7C969D8A28377CEC005DAB62 /* 2ndSwiftUIView.swift in Sources */,
				7C969D7B28377A8B005DAB62 /* ContentView.swift in Sources */,
				7C969D7928377A8B005DAB62 /* TestingGitCollaborationApp.swift in Sources */,
				7C969D8D28377E42005DAB62 /* 3rdNewFile.swift in Sources */,
				7C969D9028377EC5005DAB62 /* 4thnewfile.swift in Sources */,
			);
			runOnlyForDeploymentPostprocessing = 0;
		};
/* End PBXSourcesBuildPhase section */

/* Begin XCBuildConfiguration section */
		7C969D8128377A8E005DAB62 /* Debug */ = {
			isa = XCBuildConfiguration;
			buildSettings = {
				ALWAYS_SEARCH_USER_PATHS = NO;
				CLANG_ANALYZER_NONNULL = YES;
				CLANG_ANALYZER_NUMBER_OBJECT_CONVERSION = YES_AGGRESSIVE;
				CLANG_CXX_LANGUAGE_STANDARD = "gnu++17";
				CLANG_ENABLE_MODULES = YES;
				CLANG_ENABLE_OBJC_ARC = YES;
				CLANG_ENABLE_OBJC_WEAK = YES;
				CLANG_WARN_BLOCK_CAPTURE_AUTORELEASING = YES;
				CLANG_WARN_BOOL_CONVERSION = YES;
				CLANG_WARN_COMMA = YES;
				CLANG_WARN_CONSTANT_CONVERSION = YES;
				CLANG_WARN_DEPRECATED_OBJC_IMPLEMENTATIONS = YES;
				CLANG_WARN_DIRECT_OBJC_ISA_USAGE = YES_ERROR;
				CLANG_WARN_DOCUMENTATION_COMMENTS = YES;
				CLANG_WARN_EMPTY_BODY = YES;
				CLANG_WARN_ENUM_CONVERSION = YES;
				CLANG_WARN_INFINITE_RECURSION = YES;
				CLANG_WARN_INT_CONVERSION = YES;
				CLANG_WARN_NON_LITERAL_NULL_CONVERSION = YES;
				CLANG_WARN_OBJC_IMPLICIT_RETAIN_SELF = YES;
				CLANG_WARN_OBJC_LITERAL_CONVERSION = YES;
				CLANG_WARN_OBJC_ROOT_CLASS = YES_ERROR;
				CLANG_WARN_QUOTED_INCLUDE_IN_FRAMEWORK_HEADER = YES;
				CLANG_WARN_RANGE_LOOP_ANALYSIS = YES;
				CLANG_WARN_STRICT_PROTOTYPES = YES;
				CLANG_WARN_SUSPICIOUS_MOVE = YES;
				CLANG_WARN_UNGUARDED_AVAILABILITY = YES_AGGRESSIVE;
				CLANG_WARN_UNREACHABLE_CODE = YES;
				CLANG_WARN__DUPLICATE_METHOD_MATCH = YES;
				COPY_PHASE_STRIP = NO;
				DEBUG_INFORMATION_FORMAT = dwarf;
				ENABLE_STRICT_OBJC_MSGSEND = YES;
				ENABLE_TESTABILITY = YES;
				GCC_C_LANGUAGE_STANDARD = gnu11;
				GCC_DYNAMIC_NO_PIC = NO;
				GCC_NO_COMMON_BLOCKS = YES;
				GCC_OPTIMIZATION_LEVEL = 0;
				GCC_PREPROCESSOR_DEFINITIONS = (
					"DEBUG=1",
					"$(inherited)",
				);
				GCC_WARN_64_TO_32_BIT_CONVERSION = YES;
				GCC_WARN_ABOUT_RETURN_TYPE = YES_ERROR;
				GCC_WARN_UNDECLARED_SELECTOR = YES;
				GCC_WARN_UNINITIALIZED_AUTOS = YES_AGGRESSIVE;
				GCC_WARN_UNUSED_FUNCTION = YES;
				GCC_WARN_UNUSED_VARIABLE = YES;
				IPHONEOS_DEPLOYMENT_TARGET = 15.5;
				MTL_ENABLE_DEBUG_INFO = INCLUDE_SOURCE;
				MTL_FAST_MATH = YES;
				ONLY_ACTIVE_ARCH = YES;
				SDKROOT = iphoneos;
				SWIFT_ACTIVE_COMPILATION_CONDITIONS = DEBUG;
				SWIFT_OPTIMIZATION_LEVEL = "-Onone";
			};
			name = Debug;
		};
		7C969D8228377A8E005DAB62 /* Release */ = {
			isa = XCBuildConfiguration;
			buildSettings = {
				ALWAYS_SEARCH_USER_PATHS = NO;
				CLANG_ANALYZER_NONNULL = YES;
				CLANG_ANALYZER_NUMBER_OBJECT_CONVERSION = YES_AGGRESSIVE;
				CLANG_CXX_LANGUAGE_STANDARD = "gnu++17";
				CLANG_ENABLE_MODULES = YES;
				CLANG_ENABLE_OBJC_ARC = YES;
				CLANG_ENABLE_OBJC_WEAK = YES;
				CLANG_WARN_BLOCK_CAPTURE_AUTORELEASING = YES;
				CLANG_WARN_BOOL_CONVERSION = YES;
				CLANG_WARN_COMMA = YES;
				CLANG_WARN_CONSTANT_CONVERSION = YES;
				CLANG_WARN_DEPRECATED_OBJC_IMPLEMENTATIONS = YES;
				CLANG_WARN_DIRECT_OBJC_ISA_USAGE = YES_ERROR;
				CLANG_WARN_DOCUMENTATION_COMMENTS = YES;
				CLANG_WARN_EMPTY_BODY = YES;
				CLANG_WARN_ENUM_CONVERSION = YES;
				CLANG_WARN_INFINITE_RECURSION = YES;
				CLANG_WARN_INT_CONVERSION = YES;
				CLANG_WARN_NON_LITERAL_NULL_CONVERSION = YES;
				CLANG_WARN_OBJC_IMPLICIT_RETAIN_SELF = YES;
				CLANG_WARN_OBJC_LITERAL_CONVERSION = YES;
				CLANG_WARN_OBJC_ROOT_CLASS = YES_ERROR;
				CLANG_WARN_QUOTED_INCLUDE_IN_FRAMEWORK_HEADER = YES;
				CLANG_WARN_RANGE_LOOP_ANALYSIS = YES;
				CLANG_WARN_STRICT_PROTOTYPES = YES;
				CLANG_WARN_SUSPICIOUS_MOVE = YES;
				CLANG_WARN_UNGUARDED_AVAILABILITY = YES_AGGRESSIVE;
				CLANG_WARN_UNREACHABLE_CODE = YES;
				CLANG_WARN__DUPLICATE_METHOD_MATCH = YES;
				COPY_PHASE_STRIP = NO;
				DEBUG_INFORMATION_FORMAT = "dwarf-with-dsym";
				ENABLE_NS_ASSERTIONS = NO;
				ENABLE_STRICT_OBJC_MSGSEND = YES;
				GCC_C_LANGUAGE_STANDARD = gnu11;
				GCC_NO_COMMON_BLOCKS = YES;
				GCC_WARN_64_TO_32_BIT_CONVERSION = YES;
				GCC_WARN_ABOUT_RETURN_TYPE = YES_ERROR;
				GCC_WARN_UNDECLARED_SELECTOR = YES;
				GCC_WARN_UNINITIALIZED_AUTOS = YES_AGGRESSIVE;
				GCC_WARN_UNUSED_FUNCTION = YES;
				GCC_WARN_UNUSED_VARIABLE = YES;
				IPHONEOS_DEPLOYMENT_TARGET = 15.5;
				MTL_ENABLE_DEBUG_INFO = NO;
				MTL_FAST_MATH = YES;
				SDKROOT = iphoneos;
				SWIFT_COMPILATION_MODE = wholemodule;
				SWIFT_OPTIMIZATION_LEVEL = "-O";
				VALIDATE_PRODUCT = YES;
			};
			name = Release;
		};
		7C969D8428377A8E005DAB62 /* Debug */ = {
			isa = XCBuildConfiguration;
			buildSettings = {
				ASSETCATALOG_COMPILER_APPICON_NAME = AppIcon;
				ASSETCATALOG_COMPILER_GLOBAL_ACCENT_COLOR_NAME = AccentColor;
				CODE_SIGN_STYLE = Automatic;
				CURRENT_PROJECT_VERSION = 1;
				DEVELOPMENT_ASSET_PATHS = "\"TestingGitCollaboration/Preview Content\"";
				DEVELOPMENT_TEAM = Y57LT3DKL7;
				ENABLE_PREVIEWS = YES;
				GENERATE_INFOPLIST_FILE = YES;
				INFOPLIST_KEY_UIApplicationSceneManifest_Generation = YES;
				INFOPLIST_KEY_UIApplicationSupportsIndirectInputEvents = YES;
				INFOPLIST_KEY_UILaunchScreen_Generation = YES;
				INFOPLIST_KEY_UISupportedInterfaceOrientations_iPad = "UIInterfaceOrientationPortrait UIInterfaceOrientationPortraitUpsideDown UIInterfaceOrientationLandscapeLeft UIInterfaceOrientationLandscapeRight";
				INFOPLIST_KEY_UISupportedInterfaceOrientations_iPhone = "UIInterfaceOrientationPortrait UIInterfaceOrientationLandscapeLeft UIInterfaceOrientationLandscapeRight";
				LD_RUNPATH_SEARCH_PATHS = (
					"$(inherited)",
					"@executable_path/Frameworks",
				);
				MARKETING_VERSION = 1.0;
				PRODUCT_BUNDLE_IDENTIFIER = com.elcodestudio.TestingGitCollaboration;
				PRODUCT_NAME = "$(TARGET_NAME)";
				SWIFT_EMIT_LOC_STRINGS = YES;
				SWIFT_VERSION = 5.0;
				TARGETED_DEVICE_FAMILY = "1,2";
			};
			name = Debug;
		};
		7C969D8528377A8E005DAB62 /* Release */ = {
			isa = XCBuildConfiguration;
			buildSettings = {
				ASSETCATALOG_COMPILER_APPICON_NAME = AppIcon;
				ASSETCATALOG_COMPILER_GLOBAL_ACCENT_COLOR_NAME = AccentColor;
				CODE_SIGN_STYLE = Automatic;
				CURRENT_PROJECT_VERSION = 1;
				DEVELOPMENT_ASSET_PATHS = "\"TestingGitCollaboration/Preview Content\"";
				DEVELOPMENT_TEAM = Y57LT3DKL7;
				ENABLE_PREVIEWS = YES;
				GENERATE_INFOPLIST_FILE = YES;
				INFOPLIST_KEY_UIApplicationSceneManifest_Generation = YES;
				INFOPLIST_KEY_UIApplicationSupportsIndirectInputEvents = YES;
				INFOPLIST_KEY_UILaunchScreen_Generation = YES;
				INFOPLIST_KEY_UISupportedInterfaceOrientations_iPad = "UIInterfaceOrientationPortrait UIInterfaceOrientationPortraitUpsideDown UIInterfaceOrientationLandscapeLeft UIInterfaceOrientationLandscapeRight";
				INFOPLIST_KEY_UISupportedInterfaceOrientations_iPhone = "UIInterfaceOrientationPortrait UIInterfaceOrientationLandscapeLeft UIInterfaceOrientationLandscapeRight";
				LD_RUNPATH_SEARCH_PATHS = (
					"$(inherited)",
					"@executable_path/Frameworks",
				);
				MARKETING_VERSION = 1.0;
				PRODUCT_BUNDLE_IDENTIFIER = com.elcodestudio.TestingGitCollaboration;
				PRODUCT_NAME = "$(TARGET_NAME)";
				SWIFT_EMIT_LOC_STRINGS = YES;
				SWIFT_VERSION = 5.0;
				TARGETED_DEVICE_FAMILY = "1,2";
			};
			name = Release;
		};
/* End XCBuildConfiguration section */

/* Begin XCConfigurationList section */
		7C969D7028377A8B005DAB62 /* Build configuration list for PBXProject "TestingGitCollaboration" */ = {
			isa = XCConfigurationList;
			buildConfigurations = (
				7C969D8128377A8E005DAB62 /* Debug */,
				7C969D8228377A8E005DAB62 /* Release */,
			);
			defaultConfigurationIsVisible = 0;
			defaultConfigurationName = Release;
		};
		7C969D8328377A8E005DAB62 /* Build configuration list for PBXNativeTarget "TestingGitCollaboration" */ = {
			isa = XCConfigurationList;
			buildConfigurations = (
				7C969D8428377A8E005DAB62 /* Debug */,
				7C969D8528377A8E005DAB62 /* Release */,
			);
			defaultConfigurationIsVisible = 0;
			defaultConfigurationName = Release;
		};
/* End XCConfigurationList section */
	};
	rootObject = 7C969D6D28377A8B005DAB62 /* Project object */;
}
